<?xml version="1.0" encoding="utf-8"?>
<Project ToolsVersion="4.0" xmlns="http://schemas.microsoft.com/developer/msbuild/2003">
  <ItemGroup>
    <Filter Include="Source Files">
      <UniqueIdentifier>{4FC737F1-C7A5-4376-A066-2A32D752A2FF}</UniqueIdentifier>
      <Extensions>cpp;c;cc;cxx;def;odl;idl;hpj;bat;asm;asmx</Extensions>
    </Filter>
    <Filter Include="Header Files">
      <UniqueIdentifier>{93995380-89BD-4b04-88EB-625FBE52EBFB}</UniqueIdentifier>
      <Extensions>h;hh;hpp;hxx;hm;inl;inc;ipp;xsd</Extensions>
    </Filter>
    <Filter Include="Resource Files">
      <UniqueIdentifier>{67DA6AB6-F800-4c08-8B7A-83BB121AAD01}</UniqueIdentifier>
      <Extensions>rc;ico;cur;bmp;dlg;rc2;rct;bin;rgs;gif;jpg;jpeg;jpe;resx;tiff;tif;png;wav;mfcribbon-ms</Extensions>
    </Filter>
    <Filter Include="Source Files\compat">
      <UniqueIdentifier>{422f39d0-45bb-4a10-93e2-57a0a3a14196}</UniqueIdentifier>
    </Filter>
    <Filter Include="Source Files\x16-emulator">
      <UniqueIdentifier>{c7ade3d8-3398-4a7f-9d25-ac24981b70f4}</UniqueIdentifier>
    </Filter>
    <Filter Include="Source Files\x16-emulator\cpu">
      <UniqueIdentifier>{0f88ffc3-23a9-4e6f-a4f5-23021c54545b}</UniqueIdentifier>
    </Filter>
  </ItemGroup>
  <ItemGroup>
    <ClCompile Include="compat\compat.c">
      <Filter>Source Files\compat</Filter>
    </ClCompile>
    <ClCompile Include="compat\getopt.c">
      <Filter>Source Files\compat</Filter>
    </ClCompile>
    <ClCompile Include="x16-emulator\cpu\fake6502.c">
      <Filter>Source Files\x16-emulator\cpu</Filter>
    </ClCompile>
    <ClCompile Include="x16-emulator\debugger.c">
      <Filter>Source Files\x16-emulator</Filter>
    </ClCompile>
    <ClCompile Include="x16-emulator\disasm.c">
      <Filter>Source Files\x16-emulator</Filter>
    </ClCompile>
    <ClCompile Include="x16-emulator\loadsave.c">
      <Filter>Source Files\x16-emulator</Filter>
    </ClCompile>
    <ClCompile Include="x16-emulator\main.c">
      <Filter>Source Files\x16-emulator</Filter>
    </ClCompile>
    <ClCompile Include="x16-emulator\memory.c">
      <Filter>Source Files\x16-emulator</Filter>
    </ClCompile>
    <ClCompile Include="x16-emulator\ps2.c">
      <Filter>Source Files\x16-emulator</Filter>
    </ClCompile>
    <ClCompile Include="x16-emulator\sdcard.c">
      <Filter>Source Files\x16-emulator</Filter>
    </ClCompile>
    <ClCompile Include="x16-emulator\via.c">
      <Filter>Source Files\x16-emulator</Filter>
    </ClCompile>
    <ClCompile Include="x16-emulator\video.c">
      <Filter>Source Files\x16-emulator</Filter>
    </ClCompile>
    <ClCompile Include="x16-emulator\petscii.c">
      <Filter>Source Files\x16-emulator</Filter>
    </ClCompile>
  </ItemGroup>
  <ItemGroup>
    <ClInclude Include="compat\compat.h">
      <Filter>Source Files\compat</Filter>
    </ClInclude>
    <ClInclude Include="compat\dirent.h">
      <Filter>Source Files\compat</Filter>
    </ClInclude>
    <ClInclude Include="compat\getopt.h">
      <Filter>Source Files\compat</Filter>
    </ClInclude>
    <ClInclude Include="compat\unistd.h">
      <Filter>Source Files\compat</Filter>
    </ClInclude>
    <ClInclude Include="x16-emulator\cpu\65c02.h">
      <Filter>Source Files\x16-emulator\cpu</Filter>
    </ClInclude>
    <ClInclude Include="x16-emulator\cpu\fake6502.h">
      <Filter>Source Files\x16-emulator\cpu</Filter>
    </ClInclude>
    <ClInclude Include="x16-emulator\cpu\instructions.h">
      <Filter>Source Files\x16-emulator\cpu</Filter>
    </ClInclude>
    <ClInclude Include="x16-emulator\cpu\mnemonics.h">
      <Filter>Source Files\x16-emulator\cpu</Filter>
    </ClInclude>
    <ClInclude Include="x16-emulator\cpu\modes.h">
      <Filter>Source Files\x16-emulator\cpu</Filter>
    </ClInclude>
    <ClInclude Include="x16-emulator\cpu\support.h">
      <Filter>Source Files\x16-emulator\cpu</Filter>
    </ClInclude>
    <ClInclude Include="x16-emulator\cpu\tables.h">
      <Filter>Source Files\x16-emulator\cpu</Filter>
    </ClInclude>
    <ClInclude Include="x16-emulator\debugger.h">
      <Filter>Source Files\x16-emulator</Filter>
    </ClInclude>
    <ClInclude Include="x16-emulator\disasm.h">
      <Filter>Source Files\x16-emulator</Filter>
    </ClInclude>
    <ClInclude Include="x16-emulator\glue.h">
      <Filter>Source Files\x16-emulator</Filter>
    </ClInclude>
    <ClInclude Include="x16-emulator\loadsave.h">
      <Filter>Source Files\x16-emulator</Filter>
    </ClInclude>
    <ClInclude Include="x16-emulator\memory.h">
      <Filter>Source Files\x16-emulator</Filter>
    </ClInclude>
    <ClInclude Include="x16-emulator\ps2.h">
      <Filter>Source Files\x16-emulator</Filter>
    </ClInclude>
    <ClInclude Include="x16-emulator\sdcard.h">
      <Filter>Source Files\x16-emulator</Filter>
    </ClInclude>
    <ClInclude Include="x16-emulator\via.h">
      <Filter>Source Files\x16-emulator</Filter>
    </ClInclude>
    <ClInclude Include="x16-emulator\video.h">
      <Filter>Source Files\x16-emulator</Filter>
    </ClInclude>
    <ClInclude Include="x16-emulator\petscii.h">
      <Filter>Source Files\x16-emulator</Filter>
    </ClInclude>
  </ItemGroup>
  <ItemGroup>
    <None Include="x16-emulator\cpu\65c02.opcodes">
      <Filter>Source Files\x16-emulator\cpu</Filter>
    </None>
    <None Include="x16-emulator\cpu\6502.opcodes">
      <Filter>Source Files\x16-emulator\cpu</Filter>
    </None>
    <None Include="x16-emulator\cpu\buildtables.py">
      <Filter>Source Files\x16-emulator\cpu</Filter>
    </None>
    <None Include="x16-emulator\cpu\extract.py">
      <Filter>Source Files\x16-emulator\cpu</Filter>
    </None>
    <None Include="x16-emulator\cpu\README">
      <Filter>Source Files\x16-emulator\cpu</Filter>
    </None>
    <None Include="x16-emulator\.gitignore">
      <Filter>Source Files\x16-emulator</Filter>
    </None>
    <None Include="x16-emulator\Makefile">
      <Filter>Source Files\x16-emulator</Filter>
    </None>
    <None Include="x16-emulator\README.md">
      <Filter>Source Files\x16-emulator</Filter>
    </None>
    <None Include="x16-emulator\symbolize.sh">
      <Filter>Source Files\x16-emulator</Filter>
    </None>
  </ItemGroup>
</Project>