<?xml version="1.0" encoding="utf-8"?>
<Project ToolsVersion="4.0" xmlns="http://schemas.microsoft.com/developer/msbuild/2003">
  <ItemGroup>
    <Filter Include="Source Files">
      <UniqueIdentifier>{4FC737F1-C7A5-4376-A066-2A32D752A2FF}</UniqueIdentifier>
      <Extensions>cpp;c;cc;cxx;def;odl;idl;hpj;bat;asm;asmx</Extensions>
    </Filter>
    <Filter Include="Header Files">
      <UniqueIdentifier>{93995380-89BD-4b04-88EB-625FBE52EBFB}</UniqueIdentifier>
      <Extensions>h;hh;hpp;hxx;hm;inl;inc;ipp;xsd</Extensions>
    </Filter>
    <Filter Include="Resource Files">
      <UniqueIdentifier>{67DA6AB6-F800-4c08-8B7A-83BB121AAD01}</UniqueIdentifier>
      <Extensions>rc;ico;cur;bmp;dlg;rc2;rct;bin;rgs;gif;jpg;jpeg;jpe;resx;tiff;tif;png;wav;mfcribbon-ms</Extensions>
    </Filter>
    <Filter Include="Source Files\compat">
      <UniqueIdentifier>{422f39d0-45bb-4a10-93e2-57a0a3a14196}</UniqueIdentifier>
    </Filter>
    <Filter Include="Source Files\x16-emulator">
      <UniqueIdentifier>{c7ade3d8-3398-4a7f-9d25-ac24981b70f4}</UniqueIdentifier>
    </Filter>
    <Filter Include="Source Files\x16-emulator\cpu">
      <UniqueIdentifier>{5f8fed84-a54d-4a3f-b0f7-47280f1d19f9}</UniqueIdentifier>
    </Filter>
    <Filter Include="Source Files\x16-emulator\extern">
      <UniqueIdentifier>{8761fdaf-1c53-43dd-9406-8d2415333294}</UniqueIdentifier>
    </Filter>
    <Filter Include="Source Files\x16-emulator\webassembly">
      <UniqueIdentifier>{1b6bd45d-5551-4678-b619-deec080ad2f7}</UniqueIdentifier>
    </Filter>
    <Filter Include="Source Files\x16-emulator\extern\include">
      <UniqueIdentifier>{a5b4661a-6ba7-447b-835a-2aa3efa6a139}</UniqueIdentifier>
    </Filter>
    <Filter Include="Source Files\x16-emulator\extern\src">
      <UniqueIdentifier>{42b5c55d-cd5a-4aa3-8fcf-e0e594ae16e6}</UniqueIdentifier>
    </Filter>
  </ItemGroup>
  <ItemGroup>
    <ClCompile Include="compat\compat.c">
      <Filter>Source Files\compat</Filter>
    </ClCompile>
    <ClCompile Include="compat\getopt.c">
      <Filter>Source Files\compat</Filter>
    </ClCompile>
    <ClCompile Include="x16-emulator\debugger.c">
      <Filter>Source Files\x16-emulator</Filter>
    </ClCompile>
    <ClCompile Include="x16-emulator\disasm.c">
      <Filter>Source Files\x16-emulator</Filter>
    </ClCompile>
    <ClCompile Include="x16-emulator\javascript_interface.c">
      <Filter>Source Files\x16-emulator</Filter>
    </ClCompile>
    <ClCompile Include="x16-emulator\joystick.c">
      <Filter>Source Files\x16-emulator</Filter>
    </ClCompile>
    <ClCompile Include="x16-emulator\loadsave.c">
      <Filter>Source Files\x16-emulator</Filter>
    </ClCompile>
    <ClCompile Include="x16-emulator\main.c">
      <Filter>Source Files\x16-emulator</Filter>
    </ClCompile>
    <ClCompile Include="x16-emulator\memory.c">
      <Filter>Source Files\x16-emulator</Filter>
    </ClCompile>
    <ClCompile Include="x16-emulator\ps2.c">
      <Filter>Source Files\x16-emulator</Filter>
    </ClCompile>
    <ClCompile Include="x16-emulator\rendertext.c">
      <Filter>Source Files\x16-emulator</Filter>
    </ClCompile>
    <ClCompile Include="x16-emulator\sdcard.c">
      <Filter>Source Files\x16-emulator</Filter>
    </ClCompile>
    <ClCompile Include="x16-emulator\spi.c">
      <Filter>Source Files\x16-emulator</Filter>
    </ClCompile>
    <ClCompile Include="x16-emulator\vera_spi.c">
      <Filter>Source Files\x16-emulator</Filter>
    </ClCompile>
    <ClCompile Include="x16-emulator\via.c">
      <Filter>Source Files\x16-emulator</Filter>
    </ClCompile>
    <ClCompile Include="x16-emulator\video.c">
      <Filter>Source Files\x16-emulator</Filter>
    </ClCompile>
    <ClCompile Include="x16-emulator\cpu\fake6502.c">
      <Filter>Source Files\x16-emulator\cpu</Filter>
    </ClCompile>
    <ClCompile Include="x16-emulator\extern\src\ym2151.c">
      <Filter>Source Files\x16-emulator\extern\src</Filter>
    </ClCompile>
    <ClCompile Include="x16-emulator\keyboard.c">
      <Filter>Source Files\x16-emulator</Filter>
    </ClCompile>
  </ItemGroup>
  <ItemGroup>
    <ClInclude Include="compat\compat.h">
      <Filter>Source Files\compat</Filter>
    </ClInclude>
    <ClInclude Include="compat\dirent.h">
      <Filter>Source Files\compat</Filter>
    </ClInclude>
    <ClInclude Include="compat\getopt.h">
      <Filter>Source Files\compat</Filter>
    </ClInclude>
    <ClInclude Include="compat\unistd.h">
      <Filter>Source Files\compat</Filter>
    </ClInclude>
    <ClInclude Include="x16-emulator\debugger.h">
      <Filter>Source Files\x16-emulator</Filter>
    </ClInclude>
    <ClInclude Include="x16-emulator\disasm.h">
      <Filter>Source Files\x16-emulator</Filter>
    </ClInclude>
    <ClInclude Include="x16-emulator\glue.h">
      <Filter>Source Files\x16-emulator</Filter>
    </ClInclude>
    <ClInclude Include="x16-emulator\joystick.h">
      <Filter>Source Files\x16-emulator</Filter>
    </ClInclude>
    <ClInclude Include="x16-emulator\loadsave.h">
      <Filter>Source Files\x16-emulator</Filter>
    </ClInclude>
    <ClInclude Include="x16-emulator\memory.h">
      <Filter>Source Files\x16-emulator</Filter>
    </ClInclude>
    <ClInclude Include="x16-emulator\ps2.h">
      <Filter>Source Files\x16-emulator</Filter>
    </ClInclude>
    <ClInclude Include="x16-emulator\rendertext.h">
      <Filter>Source Files\x16-emulator</Filter>
    </ClInclude>
    <ClInclude Include="x16-emulator\rom_symbols.h">
      <Filter>Source Files\x16-emulator</Filter>
    </ClInclude>
    <ClInclude Include="x16-emulator\sdcard.h">
      <Filter>Source Files\x16-emulator</Filter>
    </ClInclude>
    <ClInclude Include="x16-emulator\spi.h">
      <Filter>Source Files\x16-emulator</Filter>
    </ClInclude>
    <ClInclude Include="x16-emulator\utf8.h">
      <Filter>Source Files\x16-emulator</Filter>
    </ClInclude>
    <ClInclude Include="x16-emulator\utf8_encode.h">
      <Filter>Source Files\x16-emulator</Filter>
    </ClInclude>
    <ClInclude Include="x16-emulator\vera_spi.h">
      <Filter>Source Files\x16-emulator</Filter>
    </ClInclude>
    <ClInclude Include="x16-emulator\via.h">
      <Filter>Source Files\x16-emulator</Filter>
    </ClInclude>
    <ClInclude Include="x16-emulator\video.h">
      <Filter>Source Files\x16-emulator</Filter>
    </ClInclude>
    <ClInclude Include="x16-emulator\cpu\65c02.h">
      <Filter>Source Files\x16-emulator\cpu</Filter>
    </ClInclude>
    <ClInclude Include="x16-emulator\cpu\fake6502.h">
      <Filter>Source Files\x16-emulator\cpu</Filter>
    </ClInclude>
    <ClInclude Include="x16-emulator\cpu\instructions.h">
      <Filter>Source Files\x16-emulator\cpu</Filter>
    </ClInclude>
    <ClInclude Include="x16-emulator\cpu\mnemonics.h">
      <Filter>Source Files\x16-emulator\cpu</Filter>
    </ClInclude>
    <ClInclude Include="x16-emulator\cpu\modes.h">
      <Filter>Source Files\x16-emulator\cpu</Filter>
    </ClInclude>
    <ClInclude Include="x16-emulator\cpu\support.h">
      <Filter>Source Files\x16-emulator\cpu</Filter>
    </ClInclude>
    <ClInclude Include="x16-emulator\cpu\tables.h">
      <Filter>Source Files\x16-emulator\cpu</Filter>
    </ClInclude>
    <ClInclude Include="x16-emulator\extern\src\ym2151.h">
      <Filter>Source Files\x16-emulator\extern\src</Filter>
    </ClInclude>
    <ClInclude Include="x16-emulator\extern\include\gif.h">
      <Filter>Source Files\x16-emulator\extern\include</Filter>
    </ClInclude>
    <ClInclude Include="x16-emulator\keyboard.h">
      <Filter>Source Files\x16-emulator</Filter>
    </ClInclude>
  </ItemGroup>
  <ItemGroup>
    <None Include="x16-emulator\.editorconfig">
      <Filter>Source Files\x16-emulator</Filter>
    </None>
    <None Include="x16-emulator\.gitignore">
      <Filter>Source Files\x16-emulator</Filter>
    </None>
    <None Include="x16-emulator\.travis.yml">
      <Filter>Source Files\x16-emulator</Filter>
    </None>
    <None Include="x16-emulator\CODE_OF_CONDUCT.md">
      <Filter>Source Files\x16-emulator</Filter>
    </None>
    <None Include="x16-emulator\github-pandoc.css">
      <Filter>Source Files\x16-emulator</Filter>
    </None>
    <None Include="x16-emulator\LICENSE">
      <Filter>Source Files\x16-emulator</Filter>
    </None>
    <None Include="x16-emulator\Makefile">
      <Filter>Source Files\x16-emulator</Filter>
    </None>
    <None Include="x16-emulator\mdtohtml.lua">
      <Filter>Source Files\x16-emulator</Filter>
    </None>
    <None Include="x16-emulator\README.md">
      <Filter>Source Files\x16-emulator</Filter>
    </None>
    <None Include="x16-emulator\rom_symbols.sh">
      <Filter>Source Files\x16-emulator</Filter>
    </None>
    <None Include="x16-emulator\symbolize.sh">
      <Filter>Source Files\x16-emulator</Filter>
    </None>
    <None Include="x16-emulator\cpu\.editorconfig">
      <Filter>Source Files\x16-emulator\cpu</Filter>
    </None>
    <None Include="x16-emulator\cpu\65c02.opcodes">
      <Filter>Source Files\x16-emulator\cpu</Filter>
    </None>
    <None Include="x16-emulator\cpu\6502.opcodes">
      <Filter>Source Files\x16-emulator\cpu</Filter>
    </None>
    <None Include="x16-emulator\cpu\buildtables.py">
      <Filter>Source Files\x16-emulator\cpu</Filter>
    </None>
    <None Include="x16-emulator\cpu\extract.py">
      <Filter>Source Files\x16-emulator\cpu</Filter>
    </None>
    <None Include="x16-emulator\cpu\README">
      <Filter>Source Files\x16-emulator\cpu</Filter>
    </None>
    <None Include="x16-emulator\webassembly\main.js">
      <Filter>Source Files\x16-emulator\webassembly</Filter>
    </None>
    <None Include="x16-emulator\webassembly\styles.css">
      <Filter>Source Files\x16-emulator\webassembly</Filter>
    </None>
    <None Include="x16-emulator\webassembly\WebAssembly.md">
      <Filter>Source Files\x16-emulator\webassembly</Filter>
    </None>
    <None Include="x16-emulator\webassembly\x16emu-template.html">
      <Filter>Source Files\x16-emulator\webassembly</Filter>
    </None>
    <None Include="x16-emulator\extern\.editorconfig">
      <Filter>Source Files\x16-emulator\extern</Filter>
    </None>
  </ItemGroup>
</Project>